<?xml version="1.0" encoding="UTF-8" standalone="yes" ?>
<CodeBlocks_project_file>
	<FileVersion major="1" minor="5" />
	<Project>
		<Option title="Layout Components Plugin (Unix)" />
		<Option pch_mode="0" />
		<Option default_target="" />
		<Option compiler="gcc" />
		<Option virtualFolders="" />
		<Build>
			<Target title="Debug">
				<Option output="../../../bin/plugins/layout/liblayoutd.so" />
				<Option object_output=".objsd" />
				<Option type="3" />
				<Option compiler="gcc" />
				<Compiler>
					<Add option="-g" />
				</Compiler>
				<Environment>
					<Variable name="DEBUG" value="yes" />
				</Environment>
			</Target>
			<Target title="Release">
				<Option output="../../../bin/plugins/layout/liblayout.so" />
				<Option type="3" />
				<Option compiler="gcc" />
				<Environment>
					<Variable name="DEBUG" value="no" />
				</Environment>
			</Target>
		</Build>
		<VirtualTargets>
			<Add alias="All" targets="default;" />
		</VirtualTargets>
		<Compiler>
			<Add option="-Wall" />
			<Add option="`wx-config --debug=$(DEBUG) --cflags`" />
			<Add option="-DBUILD_DLL" />
			<Add option="-DWXUSINGDLL" />
			<Add option="-DNOPCH" />
			<Add option="-DNO_GCC_PRAGMA" />
			<Add option="-DTIXML_USE_TICPP" />
			<Add option="-D_UNICODE" />
			<Add directory="../../../libs/tinyxml" />
			<Add directory="../.." />
		</Compiler>
		<Linker>
			<Add option="`wx-config --debug=$(DEBUG) --libs`" />
			<Add option="-Wl,-rpath,$``ORIGIN../lib" />
			<Add library="tinyxml" />
			<Add directory="../../../libs/tinyxml/lib" />
		</Linker>
		<Unit filename="../component.h">
			<Option compilerVar="" />
			<Option compile="0" />
			<Option link="0" />
			<Option target="Debug" />
			<Option target="Release" />
		</Unit>
		<Unit filename="../plugin.h">
			<Option compilerVar="" />
			<Option compile="0" />
			<Option link="0" />
			<Option target="Debug" />
			<Option target="Release" />
		</Unit>
		<Unit filename="layout.cpp">
			<Option compilerVar="CPP" />
			<Option target="Debug" />
			<Option target="Release" />
		</Unit>
		<Unit filename="../../utils/xrcconv.cpp">
			<Option compilerVar="CPP" />
			<Option target="Debug" />
			<Option target="Release" />
		</Unit>
		<Unit filename="../../utils/xrcconv.h">
			<Option compilerVar="" />
			<Option compile="0" />
			<Option link="0" />
			<Option target="Debug" />
			<Option target="Release" />
		</Unit>
		<Extensions />
	</Project>
</CodeBlocks_project_file>